
Microsoft Visual Studio Solution File, Format Version 12.00
# Visual Studio Version 17
VisualStudioVersion = 17.7.34024.191
MinimumVisualStudioVersion = 10.0.40219.1
Project("{FAE04EC0-301F-11D3-BF4B-00C04F79EFBC}") = "Calculadora", "Calculadora\Calculadora.csproj", "{4CE80DAC-0A62-48FC-A7DA-EF9FE976513F}"
EndProject
Global
	GlobalSection(SolutionConfigurationPlatforms) = preSolution
		Debug|Any CPU = Debug|Any CPU
		Release|Any CPU = Release|Any CPU
	EndGlobalSection
	GlobalSection(ProjectConfigurationPlatforms) = postSolution
		{4CE80DAC-0A62-48FC-A7DA-EF9FE976513F}.Debug|Any CPU.ActiveCfg = Debug|Any CPU
		{4CE80DAC-0A62-48FC-A7DA-EF9FE976513F}.Debug|Any CPU.Build.0 = Debug|Any CPU
		{4CE80DAC-0A62-48FC-A7DA-EF9FE976513F}.Release|Any CPU.ActiveCfg = Release|Any CPU
		{4CE80DAC-0A62-48FC-A7DA-EF9FE976513F}.Release|Any CPU.Build.0 = Release|Any CPU
	EndGlobalSection
	GlobalSection(SolutionProperties) = preSolution
		HideSolutionNode = FALSE
	EndGlobalSection
	GlobalSection(ExtensibilityGlobals) = postSolution
		SolutionGuid = {C700FEB7-6A5A-4A14-AFE7-0DDF9828E132}
	EndGlobalSection
EndGlobal
